
Microsoft Visual Studio Solution File, Format Version 12.00
# Visual Studio 15
Project("{FAE04EC0-301F-11D3-BF4B-00C04F79EFBC}") = "Mediapipe.Tests.EditMode", "Mediapipe.Tests.EditMode.csproj", "{1B0BAE4B-225E-400E-92ED-CA81D2A30905}"
EndProject
Project("{FAE04EC0-301F-11D3-BF4B-00C04F79EFBC}") = "Assembly-CSharp", "Assembly-CSharp.csproj", "{82558406-86DA-E76C-EE17-E00AE14455E4}"
EndProject
Project("{FAE04EC0-301F-11D3-BF4B-00C04F79EFBC}") = "Mediapipe.Runtime", "Mediapipe.Runtime.csproj", "{33E7FB76-38B2-BB63-626C-BE6ABA1984BF}"
EndProject
Project("{FAE04EC0-301F-11D3-BF4B-00C04F79EFBC}") = "Mediapipe.Unity.Sample", "Mediapipe.Unity.Sample.csproj", "{864794AD-6DDA-468B-5A8B-39EE88D45EDF}"
EndProject
Project("{FAE04EC0-301F-11D3-BF4B-00C04F79EFBC}") = "Assembly-CSharp-Editor", "Assembly-CSharp-Editor.csproj", "{9DAE4502-9CDB-0698-C993-4EA9602D25C2}"
EndProject
Global
	GlobalSection(SolutionConfigurationPlatforms) = preSolution
		Debug|Any CPU = Debug|Any CPU
		Release|Any CPU = Release|Any CPU
	EndGlobalSection
	GlobalSection(ProjectConfigurationPlatforms) = postSolution
		{1B0BAE4B-225E-400E-92ED-CA81D2A30905}.Debug|Any CPU.ActiveCfg = Debug|Any CPU
		{1B0BAE4B-225E-400E-92ED-CA81D2A30905}.Debug|Any CPU.Build.0 = Debug|Any CPU
		{1B0BAE4B-225E-400E-92ED-CA81D2A30905}.Release|Any CPU.ActiveCfg = Release|Any CPU
		{1B0BAE4B-225E-400E-92ED-CA81D2A30905}.Release|Any CPU.Build.0 = Release|Any CPU
		{82558406-86DA-E76C-EE17-E00AE14455E4}.Debug|Any CPU.ActiveCfg = Debug|Any CPU
		{82558406-86DA-E76C-EE17-E00AE14455E4}.Debug|Any CPU.Build.0 = Debug|Any CPU
		{82558406-86DA-E76C-EE17-E00AE14455E4}.Release|Any CPU.ActiveCfg = Release|Any CPU
		{82558406-86DA-E76C-EE17-E00AE14455E4}.Release|Any CPU.Build.0 = Release|Any CPU
		{33E7FB76-38B2-BB63-626C-BE6ABA1984BF}.Debug|Any CPU.ActiveCfg = Debug|Any CPU
		{33E7FB76-38B2-BB63-626C-BE6ABA1984BF}.Debug|Any CPU.Build.0 = Debug|Any CPU
		{33E7FB76-38B2-BB63-626C-BE6ABA1984BF}.Release|Any CPU.ActiveCfg = Release|Any CPU
		{33E7FB76-38B2-BB63-626C-BE6ABA1984BF}.Release|Any CPU.Build.0 = Release|Any CPU
		{864794AD-6DDA-468B-5A8B-39EE88D45EDF}.Debug|Any CPU.ActiveCfg = Debug|Any CPU
		{864794AD-6DDA-468B-5A8B-39EE88D45EDF}.Debug|Any CPU.Build.0 = Debug|Any CPU
		{864794AD-6DDA-468B-5A8B-39EE88D45EDF}.Release|Any CPU.ActiveCfg = Release|Any CPU
		{864794AD-6DDA-468B-5A8B-39EE88D45EDF}.Release|Any CPU.Build.0 = Release|Any CPU
		{9DAE4502-9CDB-0698-C993-4EA9602D25C2}.Debug|Any CPU.ActiveCfg = Debug|Any CPU
		{9DAE4502-9CDB-0698-C993-4EA9602D25C2}.Debug|Any CPU.Build.0 = Debug|Any CPU
		{9DAE4502-9CDB-0698-C993-4EA9602D25C2}.Release|Any CPU.ActiveCfg = Release|Any CPU
		{9DAE4502-9CDB-0698-C993-4EA9602D25C2}.Release|Any CPU.Build.0 = Release|Any CPU
	EndGlobalSection
	GlobalSection(SolutionProperties) = preSolution
		HideSolutionNode = FALSE
	EndGlobalSection
EndGlobal
